
Microsoft Visual Studio Solution File, Format Version 12.00
# Visual Studio Version 17
VisualStudioVersion = 17.0.32014.148
MinimumVisualStudioVersion = 10.0.40219.1
Project("{FAE04EC0-301F-11D3-BF4B-00C04F79EFBC}") = "RatingViewerToJson", "RatingViewerToJson.csproj", "{FCD62286-B540-411D-8F1D-0E58A00E5A75}"
EndProject
Project("{FAE04EC0-301F-11D3-BF4B-00C04F79EFBC}") = "ConsoleTester", "..\ConsoleTester\ConsoleTester.csproj", "{C20CD1D2-0B0D-4233-8E8E-0EB969543390}"
EndProject
Global
	GlobalSection(SolutionConfigurationPlatforms) = preSolution
		Debug|Any CPU = Debug|Any CPU
		Release|Any CPU = Release|Any CPU
	EndGlobalSection
	GlobalSection(ProjectConfigurationPlatforms) = postSolution
		{FCD62286-B540-411D-8F1D-0E58A00E5A75}.Debug|Any CPU.ActiveCfg = Debug|Any CPU
		{FCD62286-B540-411D-8F1D-0E58A00E5A75}.Debug|Any CPU.Build.0 = Debug|Any CPU
		{FCD62286-B540-411D-8F1D-0E58A00E5A75}.Release|Any CPU.ActiveCfg = Release|Any CPU
		{FCD62286-B540-411D-8F1D-0E58A00E5A75}.Release|Any CPU.Build.0 = Release|Any CPU
		{C20CD1D2-0B0D-4233-8E8E-0EB969543390}.Debug|Any CPU.ActiveCfg = Debug|Any CPU
		{C20CD1D2-0B0D-4233-8E8E-0EB969543390}.Debug|Any CPU.Build.0 = Debug|Any CPU
		{C20CD1D2-0B0D-4233-8E8E-0EB969543390}.Release|Any CPU.ActiveCfg = Release|Any CPU
		{C20CD1D2-0B0D-4233-8E8E-0EB969543390}.Release|Any CPU.Build.0 = Release|Any CPU
	EndGlobalSection
	GlobalSection(SolutionProperties) = preSolution
		HideSolutionNode = FALSE
	EndGlobalSection
	GlobalSection(ExtensibilityGlobals) = postSolution
		SolutionGuid = {EB6AC77D-C860-4867-846A-850B51C08E58}
	EndGlobalSection
EndGlobal
